
Microsoft Visual Studio Solution File, Format Version 12.00
# Visual Studio 15
VisualStudioVersion = 15.0.28010.2050
MinimumVisualStudioVersion = 10.0.40219.1
Project("{FAE04EC0-301F-11D3-BF4B-00C04F79EFBC}") = "Columbus 2019", "Pombos\Columbus 2019.csproj", "{1DB69137-7377-4FCA-BA7B-E3772E65F67F}"
EndProject
Global
	GlobalSection(SolutionConfigurationPlatforms) = preSolution
		Debug|Any CPU = Debug|Any CPU
		Release|Any CPU = Release|Any CPU
	EndGlobalSection
	GlobalSection(ProjectConfigurationPlatforms) = postSolution
		{1DB69137-7377-4FCA-BA7B-E3772E65F67F}.Debug|Any CPU.ActiveCfg = Debug|Any CPU
		{1DB69137-7377-4FCA-BA7B-E3772E65F67F}.Debug|Any CPU.Build.0 = Debug|Any CPU
		{1DB69137-7377-4FCA-BA7B-E3772E65F67F}.Release|Any CPU.ActiveCfg = Release|Any CPU
		{1DB69137-7377-4FCA-BA7B-E3772E65F67F}.Release|Any CPU.Build.0 = Release|Any CPU
	EndGlobalSection
	GlobalSection(SolutionProperties) = preSolution
		HideSolutionNode = FALSE
	EndGlobalSection
	GlobalSection(ExtensibilityGlobals) = postSolution
		SolutionGuid = {12159C8E-1B77-4C87-BE38-65CED0D69A54}
	EndGlobalSection
EndGlobal
